
Microsoft Visual Studio Solution File, Format Version 12.00
# Visual Studio 15
VisualStudioVersion = 15.0.27703.2035
MinimumVisualStudioVersion = 10.0.40219.1
Project("{9A19103F-16F7-4668-BE54-9A1E7A4F7556}") = "TestCaseRunner.Core", "TestCaseRunner.Core\TestCaseRunner.Core.csproj", "{02D6A9EB-8E20-475A-85A9-1CF68BC73425}"
EndProject
Project("{9A19103F-16F7-4668-BE54-9A1E7A4F7556}") = "TestCaseRunner.MSTest", "TestCaseRunner.MSTest\TestCaseRunner.MSTest.csproj", "{C4F6EF2F-B585-4C78-A824-B92EBC2B0027}"
EndProject
Project("{FAE04EC0-301F-11D3-BF4B-00C04F79EFBC}") = "TestCaseRunner.Core.Tests", "TestCaseRunner.Core.Tests\TestCaseRunner.Core.Tests.csproj", "{851F733F-01FA-4937-8A39-02DBDE4EB972}"
EndProject
Global
	GlobalSection(SolutionConfigurationPlatforms) = preSolution
		Debug|Any CPU = Debug|Any CPU
		Release|Any CPU = Release|Any CPU
	EndGlobalSection
	GlobalSection(ProjectConfigurationPlatforms) = postSolution
		{02D6A9EB-8E20-475A-85A9-1CF68BC73425}.Debug|Any CPU.ActiveCfg = Debug|Any CPU
		{02D6A9EB-8E20-475A-85A9-1CF68BC73425}.Debug|Any CPU.Build.0 = Debug|Any CPU
		{02D6A9EB-8E20-475A-85A9-1CF68BC73425}.Release|Any CPU.ActiveCfg = Release|Any CPU
		{02D6A9EB-8E20-475A-85A9-1CF68BC73425}.Release|Any CPU.Build.0 = Release|Any CPU
		{C4F6EF2F-B585-4C78-A824-B92EBC2B0027}.Debug|Any CPU.ActiveCfg = Debug|Any CPU
		{C4F6EF2F-B585-4C78-A824-B92EBC2B0027}.Debug|Any CPU.Build.0 = Debug|Any CPU
		{C4F6EF2F-B585-4C78-A824-B92EBC2B0027}.Release|Any CPU.ActiveCfg = Release|Any CPU
		{C4F6EF2F-B585-4C78-A824-B92EBC2B0027}.Release|Any CPU.Build.0 = Release|Any CPU
		{851F733F-01FA-4937-8A39-02DBDE4EB972}.Debug|Any CPU.ActiveCfg = Debug|Any CPU
		{851F733F-01FA-4937-8A39-02DBDE4EB972}.Debug|Any CPU.Build.0 = Debug|Any CPU
		{851F733F-01FA-4937-8A39-02DBDE4EB972}.Release|Any CPU.ActiveCfg = Release|Any CPU
		{851F733F-01FA-4937-8A39-02DBDE4EB972}.Release|Any CPU.Build.0 = Release|Any CPU
	EndGlobalSection
	GlobalSection(SolutionProperties) = preSolution
		HideSolutionNode = FALSE
	EndGlobalSection
	GlobalSection(ExtensibilityGlobals) = postSolution
		SolutionGuid = {D64100D8-E967-4CD5-B483-A3FDDBA57745}
	EndGlobalSection
EndGlobal
